
Microsoft Visual Studio Solution File, Format Version 12.00
# Visual Studio Version 17
VisualStudioVersion = 17.0.31903.59
MinimumVisualStudioVersion = 10.0.40219.1
Project("{FAE04EC0-301F-11D3-BF4B-00C04F79EFBC}") = "PUpdater.Logic", "PUpdater.Logic\PUpdater.Logic.csproj", "{FE07A690-5F28-4053-9E14-C6926F925FA1}"
EndProject
Project("{FAE04EC0-301F-11D3-BF4B-00C04F79EFBC}") = "PUpdater.UnitTests", "PUpdater.UnitTests\PUpdater.UnitTests.csproj", "{47D9BB90-0909-40EA-8946-077C85D9A2A5}"
EndProject
Project("{2150E333-8FDC-42A3-9474-1A3956D46DE8}") = "Solution Items", "Solution Items", "{D0A4A0A8-1D81-4913-85F2-448EDB71E13B}"
	ProjectSection(SolutionItems) = preProject
		.gitignore = .gitignore
		LICENSE = LICENSE
		README.md = README.md
	EndProjectSection
EndProject
Project("{FAE04EC0-301F-11D3-BF4B-00C04F79EFBC}") = "PUpdater.CmdLine", "PUpdater.CmdLine\PUpdater.CmdLine.csproj", "{AD5AA80A-B758-4A28-8D25-36458A4D27A7}"
EndProject
Project("{FAE04EC0-301F-11D3-BF4B-00C04F79EFBC}") = "PUpdater.Gui", "PUpdater.Gui\PUpdater.Gui.csproj", "{6AC38AA8-1090-486B-866B-B18AAF04EF26}"
EndProject
Global
	GlobalSection(SolutionConfigurationPlatforms) = preSolution
		Debug|Any CPU = Debug|Any CPU
		Release|Any CPU = Release|Any CPU
	EndGlobalSection
	GlobalSection(ProjectConfigurationPlatforms) = postSolution
		{FE07A690-5F28-4053-9E14-C6926F925FA1}.Debug|Any CPU.ActiveCfg = Debug|Any CPU
		{FE07A690-5F28-4053-9E14-C6926F925FA1}.Debug|Any CPU.Build.0 = Debug|Any CPU
		{FE07A690-5F28-4053-9E14-C6926F925FA1}.Release|Any CPU.ActiveCfg = Release|Any CPU
		{FE07A690-5F28-4053-9E14-C6926F925FA1}.Release|Any CPU.Build.0 = Release|Any CPU
		{47D9BB90-0909-40EA-8946-077C85D9A2A5}.Debug|Any CPU.ActiveCfg = Debug|Any CPU
		{47D9BB90-0909-40EA-8946-077C85D9A2A5}.Debug|Any CPU.Build.0 = Debug|Any CPU
		{47D9BB90-0909-40EA-8946-077C85D9A2A5}.Release|Any CPU.ActiveCfg = Release|Any CPU
		{47D9BB90-0909-40EA-8946-077C85D9A2A5}.Release|Any CPU.Build.0 = Release|Any CPU
		{AD5AA80A-B758-4A28-8D25-36458A4D27A7}.Debug|Any CPU.ActiveCfg = Debug|Any CPU
		{AD5AA80A-B758-4A28-8D25-36458A4D27A7}.Debug|Any CPU.Build.0 = Debug|Any CPU
		{AD5AA80A-B758-4A28-8D25-36458A4D27A7}.Release|Any CPU.ActiveCfg = Release|Any CPU
		{AD5AA80A-B758-4A28-8D25-36458A4D27A7}.Release|Any CPU.Build.0 = Release|Any CPU
		{6AC38AA8-1090-486B-866B-B18AAF04EF26}.Debug|Any CPU.ActiveCfg = Debug|Any CPU
		{6AC38AA8-1090-486B-866B-B18AAF04EF26}.Debug|Any CPU.Build.0 = Debug|Any CPU
		{6AC38AA8-1090-486B-866B-B18AAF04EF26}.Release|Any CPU.ActiveCfg = Release|Any CPU
		{6AC38AA8-1090-486B-866B-B18AAF04EF26}.Release|Any CPU.Build.0 = Release|Any CPU
	EndGlobalSection
	GlobalSection(SolutionProperties) = preSolution
		HideSolutionNode = FALSE
	EndGlobalSection
	GlobalSection(ExtensibilityGlobals) = postSolution
		SolutionGuid = {9991508D-69F4-4F85-A255-C59E86C1B5D9}
	EndGlobalSection
EndGlobal
